
Microsoft Visual Studio Solution File, Format Version 12.00
# Visual Studio 14
VisualStudioVersion = 14.0.23107.0
MinimumVisualStudioVersion = 10.0.40219.1
Project("{2150E333-8FDC-42A3-9474-1A3956D46DE8}") = "01 Presentation", "01 Presentation", "{5224F0FA-4CC0-4C81-8038-2ED5C4C030BD}"
EndProject
Project("{2150E333-8FDC-42A3-9474-1A3956D46DE8}") = "02 Application", "02 Application", "{7442C85E-A97A-4C6E-A42C-71CA89BED90B}"
EndProject
Project("{2150E333-8FDC-42A3-9474-1A3956D46DE8}") = "03 Domain", "03 Domain", "{0134AA87-B2BC-4D4D-8306-EF0C947E1AD6}"
EndProject
Project("{2150E333-8FDC-42A3-9474-1A3956D46DE8}") = "04 Infrastructure", "04 Infrastructure", "{7544DFA9-4C80-40B9-8A1F-77221DDAD563}"
EndProject
Project("{2150E333-8FDC-42A3-9474-1A3956D46DE8}") = "01 Static", "01 Static", "{88DEC5EC-AE44-437A-91B5-68039BDAB386}"
EndProject
Project("{2150E333-8FDC-42A3-9474-1A3956D46DE8}") = "02 WebSite", "02 WebSite", "{D839344E-8F1E-42FC-B009-9533D8DA981F}"
EndProject
Project("{2150E333-8FDC-42A3-9474-1A3956D46DE8}") = "03 WebAPI", "03 WebAPI", "{9E12F842-0491-4CAB-A5A0-94FAC60064A4}"
EndProject
Project("{FAE04EC0-301F-11D3-BF4B-00C04F79EFBC}") = "GF.Infrastructure.Cache", "GF.Infrastructure.Cache\GF.Infrastructure.Cache.csproj", "{119859C7-0DB3-40ED-812A-B340E5BCB12A}"
EndProject
Global
	GlobalSection(SolutionConfigurationPlatforms) = preSolution
		Debug|Any CPU = Debug|Any CPU
		Release|Any CPU = Release|Any CPU
	EndGlobalSection
	GlobalSection(ProjectConfigurationPlatforms) = postSolution
		{119859C7-0DB3-40ED-812A-B340E5BCB12A}.Debug|Any CPU.ActiveCfg = Debug|Any CPU
		{119859C7-0DB3-40ED-812A-B340E5BCB12A}.Debug|Any CPU.Build.0 = Debug|Any CPU
		{119859C7-0DB3-40ED-812A-B340E5BCB12A}.Release|Any CPU.ActiveCfg = Release|Any CPU
		{119859C7-0DB3-40ED-812A-B340E5BCB12A}.Release|Any CPU.Build.0 = Release|Any CPU
	EndGlobalSection
	GlobalSection(SolutionProperties) = preSolution
		HideSolutionNode = FALSE
	EndGlobalSection
	GlobalSection(NestedProjects) = preSolution
		{88DEC5EC-AE44-437A-91B5-68039BDAB386} = {5224F0FA-4CC0-4C81-8038-2ED5C4C030BD}
		{D839344E-8F1E-42FC-B009-9533D8DA981F} = {5224F0FA-4CC0-4C81-8038-2ED5C4C030BD}
		{9E12F842-0491-4CAB-A5A0-94FAC60064A4} = {5224F0FA-4CC0-4C81-8038-2ED5C4C030BD}
		{119859C7-0DB3-40ED-812A-B340E5BCB12A} = {7544DFA9-4C80-40B9-8A1F-77221DDAD563}
	EndGlobalSection
EndGlobal
