
Microsoft Visual Studio Solution File, Format Version 12.00
# Visual Studio 14
VisualStudioVersion = 14.0.23107.0
MinimumVisualStudioVersion = 10.0.40219.1
Project("{2150E333-8FDC-42A3-9474-1A3956D46DE8}") = "01 Presentation", "01 Presentation", "{5224F0FA-4CC0-4C81-8038-2ED5C4C030BD}"
EndProject
Project("{2150E333-8FDC-42A3-9474-1A3956D46DE8}") = "02 Application", "02 Application", "{7442C85E-A97A-4C6E-A42C-71CA89BED90B}"
EndProject
Project("{2150E333-8FDC-42A3-9474-1A3956D46DE8}") = "03 Domain", "03 Domain", "{0134AA87-B2BC-4D4D-8306-EF0C947E1AD6}"
EndProject
Project("{2150E333-8FDC-42A3-9474-1A3956D46DE8}") = "04 Infrastructure", "04 Infrastructure", "{7544DFA9-4C80-40B9-8A1F-77221DDAD563}"
EndProject
Project("{2150E333-8FDC-42A3-9474-1A3956D46DE8}") = "01 Static", "01 Static", "{88DEC5EC-AE44-437A-91B5-68039BDAB386}"
EndProject
Project("{2150E333-8FDC-42A3-9474-1A3956D46DE8}") = "02 WebSite", "02 WebSite", "{D839344E-8F1E-42FC-B009-9533D8DA981F}"
EndProject
Project("{FAE04EC0-301F-11D3-BF4B-00C04F79EFBC}") = "GF.Infrastructure.Cache", "GF.Infrastructure.Cache\GF.Infrastructure.Cache.csproj", "{119859C7-0DB3-40ED-812A-B340E5BCB12A}"
EndProject
Project("{FAE04EC0-301F-11D3-BF4B-00C04F79EFBC}") = "GF.Infrastructure.Log", "GF.Infrastructure.Log\GF.Infrastructure.Log.csproj", "{D19D13CA-727F-4710-8454-935483E4A2F7}"
EndProject
Project("{FAE04EC0-301F-11D3-BF4B-00C04F79EFBC}") = "GF.Presentation.StaticFile", "GF.Presentation.StaticFile\GF.Presentation.StaticFile.csproj", "{D105C7A4-9A7F-46AC-A766-47059FE71C95}"
EndProject
Project("{FAE04EC0-301F-11D3-BF4B-00C04F79EFBC}") = "GF.Presentation.Web", "GF.Presentation.Web\GF.Presentation.Web.csproj", "{79162EDB-2717-426D-ADF8-5E3072AEE1F3}"
EndProject
Project("{FAE04EC0-301F-11D3-BF4B-00C04F79EFBC}") = "GF.Infrastructure.Config", "GF.Infrastructure.Config\GF.Infrastructure.Config.csproj", "{7BFD01ED-EFAB-4ED7-9812-A99E4528AC11}"
EndProject
Project("{2150E333-8FDC-42A3-9474-1A3956D46DE8}") = "01 WebAPI", "01 WebAPI", "{3B18E574-54FF-4145-AE6D-E314C0C3FBE0}"
EndProject
Project("{2150E333-8FDC-42A3-9474-1A3956D46DE8}") = "02 FileService", "02 FileService", "{ACC7066B-F2C8-45AE-BF04-672E21FE8D2E}"
EndProject
Project("{FAE04EC0-301F-11D3-BF4B-00C04F79EFBC}") = "GF.Infrastructure.Util", "GF.Infrastructure.Util\GF.Infrastructure.Util.csproj", "{6816D56D-3667-422E-B2DB-7EFC8332EAE4}"
EndProject
Project("{FAE04EC0-301F-11D3-BF4B-00C04F79EFBC}") = "GF.Infrastructure.Entity", "GF.Infrastructure.Entity\GF.Infrastructure.Entity.csproj", "{0E0A215A-350D-474D-92DF-1BDFC5A5F520}"
EndProject
Project("{FAE04EC0-301F-11D3-BF4B-00C04F79EFBC}") = "GF.Infrastructure.FileService", "GF.Infrastructure.FileService\GF.Infrastructure.FileService.csproj", "{A71E36FA-E14B-4DBB-A2C1-C1E1413D40CD}"
EndProject
Project("{FAE04EC0-301F-11D3-BF4B-00C04F79EFBC}") = "GF.Application.FileAPI", "GF.Application.FileAPI\GF.Application.FileAPI.csproj", "{7227C107-9293-41E3-ABBA-3F3A117C226D}"
EndProject
Project("{FAE04EC0-301F-11D3-BF4B-00C04F79EFBC}") = "GF.Application.WebAPI", "GF.Application.WebAPI\GF.Application.WebAPI.csproj", "{3DD88F36-9FC0-4C99-A265-115155A6227D}"
EndProject
Global
	GlobalSection(SolutionConfigurationPlatforms) = preSolution
		Debug|Any CPU = Debug|Any CPU
		Release|Any CPU = Release|Any CPU
	EndGlobalSection
	GlobalSection(ProjectConfigurationPlatforms) = postSolution
		{119859C7-0DB3-40ED-812A-B340E5BCB12A}.Debug|Any CPU.ActiveCfg = Debug|Any CPU
		{119859C7-0DB3-40ED-812A-B340E5BCB12A}.Debug|Any CPU.Build.0 = Debug|Any CPU
		{119859C7-0DB3-40ED-812A-B340E5BCB12A}.Release|Any CPU.ActiveCfg = Release|Any CPU
		{119859C7-0DB3-40ED-812A-B340E5BCB12A}.Release|Any CPU.Build.0 = Release|Any CPU
		{D19D13CA-727F-4710-8454-935483E4A2F7}.Debug|Any CPU.ActiveCfg = Debug|Any CPU
		{D19D13CA-727F-4710-8454-935483E4A2F7}.Debug|Any CPU.Build.0 = Debug|Any CPU
		{D19D13CA-727F-4710-8454-935483E4A2F7}.Release|Any CPU.ActiveCfg = Release|Any CPU
		{D19D13CA-727F-4710-8454-935483E4A2F7}.Release|Any CPU.Build.0 = Release|Any CPU
		{D105C7A4-9A7F-46AC-A766-47059FE71C95}.Debug|Any CPU.ActiveCfg = Debug|Any CPU
		{D105C7A4-9A7F-46AC-A766-47059FE71C95}.Debug|Any CPU.Build.0 = Debug|Any CPU
		{D105C7A4-9A7F-46AC-A766-47059FE71C95}.Release|Any CPU.ActiveCfg = Release|Any CPU
		{D105C7A4-9A7F-46AC-A766-47059FE71C95}.Release|Any CPU.Build.0 = Release|Any CPU
		{79162EDB-2717-426D-ADF8-5E3072AEE1F3}.Debug|Any CPU.ActiveCfg = Debug|Any CPU
		{79162EDB-2717-426D-ADF8-5E3072AEE1F3}.Debug|Any CPU.Build.0 = Debug|Any CPU
		{79162EDB-2717-426D-ADF8-5E3072AEE1F3}.Release|Any CPU.ActiveCfg = Release|Any CPU
		{79162EDB-2717-426D-ADF8-5E3072AEE1F3}.Release|Any CPU.Build.0 = Release|Any CPU
		{7BFD01ED-EFAB-4ED7-9812-A99E4528AC11}.Debug|Any CPU.ActiveCfg = Debug|Any CPU
		{7BFD01ED-EFAB-4ED7-9812-A99E4528AC11}.Debug|Any CPU.Build.0 = Debug|Any CPU
		{7BFD01ED-EFAB-4ED7-9812-A99E4528AC11}.Release|Any CPU.ActiveCfg = Release|Any CPU
		{7BFD01ED-EFAB-4ED7-9812-A99E4528AC11}.Release|Any CPU.Build.0 = Release|Any CPU
		{6816D56D-3667-422E-B2DB-7EFC8332EAE4}.Debug|Any CPU.ActiveCfg = Debug|Any CPU
		{6816D56D-3667-422E-B2DB-7EFC8332EAE4}.Debug|Any CPU.Build.0 = Debug|Any CPU
		{6816D56D-3667-422E-B2DB-7EFC8332EAE4}.Release|Any CPU.ActiveCfg = Release|Any CPU
		{6816D56D-3667-422E-B2DB-7EFC8332EAE4}.Release|Any CPU.Build.0 = Release|Any CPU
		{0E0A215A-350D-474D-92DF-1BDFC5A5F520}.Debug|Any CPU.ActiveCfg = Debug|Any CPU
		{0E0A215A-350D-474D-92DF-1BDFC5A5F520}.Debug|Any CPU.Build.0 = Debug|Any CPU
		{0E0A215A-350D-474D-92DF-1BDFC5A5F520}.Release|Any CPU.ActiveCfg = Release|Any CPU
		{0E0A215A-350D-474D-92DF-1BDFC5A5F520}.Release|Any CPU.Build.0 = Release|Any CPU
		{A71E36FA-E14B-4DBB-A2C1-C1E1413D40CD}.Debug|Any CPU.ActiveCfg = Debug|Any CPU
		{A71E36FA-E14B-4DBB-A2C1-C1E1413D40CD}.Debug|Any CPU.Build.0 = Debug|Any CPU
		{A71E36FA-E14B-4DBB-A2C1-C1E1413D40CD}.Release|Any CPU.ActiveCfg = Release|Any CPU
		{A71E36FA-E14B-4DBB-A2C1-C1E1413D40CD}.Release|Any CPU.Build.0 = Release|Any CPU
		{7227C107-9293-41E3-ABBA-3F3A117C226D}.Debug|Any CPU.ActiveCfg = Debug|Any CPU
		{7227C107-9293-41E3-ABBA-3F3A117C226D}.Debug|Any CPU.Build.0 = Debug|Any CPU
		{7227C107-9293-41E3-ABBA-3F3A117C226D}.Release|Any CPU.ActiveCfg = Release|Any CPU
		{7227C107-9293-41E3-ABBA-3F3A117C226D}.Release|Any CPU.Build.0 = Release|Any CPU
		{3DD88F36-9FC0-4C99-A265-115155A6227D}.Debug|Any CPU.ActiveCfg = Debug|Any CPU
		{3DD88F36-9FC0-4C99-A265-115155A6227D}.Debug|Any CPU.Build.0 = Debug|Any CPU
		{3DD88F36-9FC0-4C99-A265-115155A6227D}.Release|Any CPU.ActiveCfg = Release|Any CPU
		{3DD88F36-9FC0-4C99-A265-115155A6227D}.Release|Any CPU.Build.0 = Release|Any CPU
	EndGlobalSection
	GlobalSection(SolutionProperties) = preSolution
		HideSolutionNode = FALSE
	EndGlobalSection
	GlobalSection(NestedProjects) = preSolution
		{88DEC5EC-AE44-437A-91B5-68039BDAB386} = {5224F0FA-4CC0-4C81-8038-2ED5C4C030BD}
		{D839344E-8F1E-42FC-B009-9533D8DA981F} = {5224F0FA-4CC0-4C81-8038-2ED5C4C030BD}
		{119859C7-0DB3-40ED-812A-B340E5BCB12A} = {7544DFA9-4C80-40B9-8A1F-77221DDAD563}
		{D19D13CA-727F-4710-8454-935483E4A2F7} = {7544DFA9-4C80-40B9-8A1F-77221DDAD563}
		{D105C7A4-9A7F-46AC-A766-47059FE71C95} = {88DEC5EC-AE44-437A-91B5-68039BDAB386}
		{79162EDB-2717-426D-ADF8-5E3072AEE1F3} = {D839344E-8F1E-42FC-B009-9533D8DA981F}
		{7BFD01ED-EFAB-4ED7-9812-A99E4528AC11} = {7544DFA9-4C80-40B9-8A1F-77221DDAD563}
		{3B18E574-54FF-4145-AE6D-E314C0C3FBE0} = {7442C85E-A97A-4C6E-A42C-71CA89BED90B}
		{ACC7066B-F2C8-45AE-BF04-672E21FE8D2E} = {7442C85E-A97A-4C6E-A42C-71CA89BED90B}
		{6816D56D-3667-422E-B2DB-7EFC8332EAE4} = {7544DFA9-4C80-40B9-8A1F-77221DDAD563}
		{0E0A215A-350D-474D-92DF-1BDFC5A5F520} = {7544DFA9-4C80-40B9-8A1F-77221DDAD563}
		{A71E36FA-E14B-4DBB-A2C1-C1E1413D40CD} = {7544DFA9-4C80-40B9-8A1F-77221DDAD563}
		{7227C107-9293-41E3-ABBA-3F3A117C226D} = {ACC7066B-F2C8-45AE-BF04-672E21FE8D2E}
		{3DD88F36-9FC0-4C99-A265-115155A6227D} = {3B18E574-54FF-4145-AE6D-E314C0C3FBE0}
	EndGlobalSection
EndGlobal
